// !$*UTF8*$!
{
	archiveVersion = 1;
	classes = {
	};
	objectVersion = 46;
	objects = {

/* Begin PBXBuildFile section */
		42DC570C1940DCEB005044F1 /* libea.a in Frameworks */ = {isa = PBXBuildFile; fileRef = 42DC570A1940C99D005044F1 /* libea.a */; };
		4814664B1C249F2E00751B40 /* libea.a in Frameworks */ = {isa = PBXBuildFile; fileRef = 42DC570A1940C99D005044F1 /* libea.a */; };
		481466511C249F4000751B40 /* stripes_ep4_3.cpp in Sources */ = {isa = PBXBuildFile; fileRef = 481466461C249E0C00751B40 /* stripes_ep4_3.cpp */; };
		481F3C001C8DCA4D00325485 /* libea.a in Frameworks */ = {isa = PBXBuildFile; fileRef = 42DC570A1940C99D005044F1 /* libea.a */; };
		481F3C061C8DCA5900325485 /* stripes_ep4_fixed.cpp in Sources */ = {isa = PBXBuildFile; fileRef = 481F3BFA1C8DC79C00325485 /* stripes_ep4_fixed.cpp */; };
		48951F541C7A3F8E00F7D7F3 /* libea.a in Frameworks */ = {isa = PBXBuildFile; fileRef = 42DC570A1940C99D005044F1 /* libea.a */; };
		48951F5A1C7A3F9E00F7D7F3 /* stripes_multi_evo.cpp in Sources */ = {isa = PBXBuildFile; fileRef = 48951F4E1C7A3C7D00F7D7F3 /* stripes_multi_evo.cpp */; };
		4899180D1BF2662B002540AE /* libea.a in Frameworks */ = {isa = PBXBuildFile; fileRef = 42DC570A1940C99D005044F1 /* libea.a */; };
		489918131BF26641002540AE /* mt.cpp in Sources */ = {isa = PBXBuildFile; fileRef = 489918081BF2635C002540AE /* mt.cpp */; };
		48C836011AC2D433004B4D0B /* libea.a in Frameworks */ = {isa = PBXBuildFile; fileRef = 42DC570A1940C99D005044F1 /* libea.a */; };
		48C836071AC2D4FD004B4D0B /* stripes_ep4.cpp in Sources */ = {isa = PBXBuildFile; fileRef = 48C835FC1AC2D33F004B4D0B /* stripes_ep4.cpp */; };
		48FF4C9319379E49001F0183 /* stripes_multi_three.cpp in Sources */ = {isa = PBXBuildFile; fileRef = 48AC8AB11937639900DA6945 /* stripes_multi_three.cpp */; };
/* End PBXBuildFile section */

/* Begin PBXCopyFilesBuildPhase section */
		4814664C1C249F2E00751B40 /* CopyFiles */ = {
			isa = PBXCopyFilesBuildPhase;
			buildActionMask = 2147483647;
			dstPath = /usr/share/man/man1/;
			dstSubfolderSpec = 0;
			files = (
			);
			runOnlyForDeploymentPostprocessing = 1;
		};
		481F3C011C8DCA4D00325485 /* CopyFiles */ = {
			isa = PBXCopyFilesBuildPhase;
			buildActionMask = 2147483647;
			dstPath = /usr/share/man/man1/;
			dstSubfolderSpec = 0;
			files = (
			);
			runOnlyForDeploymentPostprocessing = 1;
		};
		48951F551C7A3F8E00F7D7F3 /* CopyFiles */ = {
			isa = PBXCopyFilesBuildPhase;
			buildActionMask = 2147483647;
			dstPath = /usr/share/man/man1/;
			dstSubfolderSpec = 0;
			files = (
			);
			runOnlyForDeploymentPostprocessing = 1;
		};
		4899180E1BF2662B002540AE /* CopyFiles */ = {
			isa = PBXCopyFilesBuildPhase;
			buildActionMask = 2147483647;
			dstPath = /usr/share/man/man1/;
			dstSubfolderSpec = 0;
			files = (
			);
			runOnlyForDeploymentPostprocessing = 1;
		};
		48C836021AC2D433004B4D0B /* CopyFiles */ = {
			isa = PBXCopyFilesBuildPhase;
			buildActionMask = 2147483647;
			dstPath = /usr/share/man/man1/;
			dstSubfolderSpec = 0;
			files = (
			);
			runOnlyForDeploymentPostprocessing = 1;
		};
		48FF4C8E19379E17001F0183 /* CopyFiles */ = {
			isa = PBXCopyFilesBuildPhase;
			buildActionMask = 2147483647;
			dstPath = /usr/share/man/man1/;
			dstSubfolderSpec = 0;
			files = (
			);
			runOnlyForDeploymentPostprocessing = 1;
		};
/* End PBXCopyFilesBuildPhase section */

/* Begin PBXFileReference section */
		42441A7E158616AF009863BE /* ps.xcconfig */ = {isa = PBXFileReference; lastKnownFileType = text.xcconfig; path = ps.xcconfig; sourceTree = "<group>"; };
		42441A7F158616AF009863BE /* libea_defaults.cfg */ = {isa = PBXFileReference; lastKnownFileType = text; path = libea_defaults.cfg; sourceTree = "<group>"; };
		42441A80158616AF009863BE /* Jamroot */ = {isa = PBXFileReference; lastKnownFileType = text; path = Jamroot; sourceTree = "<group>"; };
		42C26B3D19454D6D00F0E6B9 /* stripes.cfg */ = {isa = PBXFileReference; lastKnownFileType = text; path = stripes.cfg; sourceTree = "<group>"; };
		42DC570A1940C99D005044F1 /* libea.a */ = {isa = PBXFileReference; lastKnownFileType = archive.ar; name = libea.a; path = ../DerivedData/research/Build/Products/Debug/libea.a; sourceTree = "<group>"; };
		42DF06891945418600C9A364 /* subpopulation_propagule.h */ = {isa = PBXFileReference; lastKnownFileType = sourcecode.c.h; path = subpopulation_propagule.h; sourceTree = "<group>"; };
		481466461C249E0C00751B40 /* stripes_ep4_3.cpp */ = {isa = PBXFileReference; lastKnownFileType = sourcecode.cpp.cpp; path = stripes_ep4_3.cpp; sourceTree = "<group>"; };
		481466501C249F2E00751B40 /* stripes_ep4_3 */ = {isa = PBXFileReference; explicitFileType = "compiled.mach-o.executable"; includeInIndex = 0; path = stripes_ep4_3; sourceTree = BUILT_PRODUCTS_DIR; };
		481F3BFA1C8DC79C00325485 /* stripes_ep4_fixed.cpp */ = {isa = PBXFileReference; lastKnownFileType = sourcecode.cpp.cpp; path = stripes_ep4_fixed.cpp; sourceTree = "<group>"; };
		481F3BFB1C8DC7CC00325485 /* subpopulation_propagule_split_fixed.h */ = {isa = PBXFileReference; lastKnownFileType = sourcecode.c.h; path = subpopulation_propagule_split_fixed.h; sourceTree = "<group>"; };
		481F3C051C8DCA4D00325485 /* striopes_ep4_fixed */ = {isa = PBXFileReference; explicitFileType = "compiled.mach-o.executable"; includeInIndex = 0; path = striopes_ep4_fixed; sourceTree = BUILT_PRODUCTS_DIR; };
		481F84C119DD91AC000EDBE8 /* multibirth_not_nand_prop_ancestor.h */ = {isa = PBXFileReference; lastKnownFileType = sourcecode.c.h; path = multibirth_not_nand_prop_ancestor.h; sourceTree = "<group>"; };
		487ACE231934F7C60016340B /* movie.h */ = {isa = PBXFileReference; lastKnownFileType = sourcecode.c.h; path = movie.h; sourceTree = "<group>"; };
		48802FF41B011F9700CD819A /* multibirth_not_nand_ornot_prop_ancestor.h */ = {isa = PBXFileReference; lastKnownFileType = sourcecode.c.h; path = multibirth_not_nand_ornot_prop_ancestor.h; sourceTree = "<group>"; };
		4888686D1AAF615E00ACAFD9 /* stripes_split.h */ = {isa = PBXFileReference; lastKnownFileType = sourcecode.c.h; path = stripes_split.h; sourceTree = "<group>"; };
		48951F4E1C7A3C7D00F7D7F3 /* stripes_multi_evo.cpp */ = {isa = PBXFileReference; lastKnownFileType = sourcecode.cpp.cpp; path = stripes_multi_evo.cpp; sourceTree = "<group>"; };
		48951F591C7A3F8E00F7D7F3 /* stripes_multi_evo */ = {isa = PBXFileReference; explicitFileType = "compiled.mach-o.executable"; includeInIndex = 0; path = stripes_multi_evo; sourceTree = BUILT_PRODUCTS_DIR; };
		489918061BF20687002540AE /* mt_propagule.h */ = {isa = PBXFileReference; lastKnownFileType = sourcecode.c.h; path = mt_propagule.h; sourceTree = "<group>"; };
		489918071BF20F63002540AE /* multi_birth_selfrep_not_remote_ancestor.h */ = {isa = PBXFileReference; lastKnownFileType = sourcecode.c.h; path = multi_birth_selfrep_not_remote_ancestor.h; sourceTree = "<group>"; };
		489918081BF2635C002540AE /* mt.cpp */ = {isa = PBXFileReference; lastKnownFileType = sourcecode.cpp.cpp; path = mt.cpp; sourceTree = "<group>"; };
		489918121BF2662B002540AE /* mt */ = {isa = PBXFileReference; explicitFileType = "compiled.mach-o.executable"; includeInIndex = 0; path = mt; sourceTree = BUILT_PRODUCTS_DIR; };
		48A0A3EF1CB8044A00284292 /* stripes_multi.cpp */ = {isa = PBXFileReference; lastKnownFileType = sourcecode.cpp.cpp; path = stripes_multi.cpp; sourceTree = "<group>"; };
		48A1E129183F8ED70023C478 /* stripes.h */ = {isa = PBXFileReference; lastKnownFileType = sourcecode.c.h; path = stripes.h; sourceTree = "<group>"; };
		48AC8AB11937639900DA6945 /* stripes_multi_three.cpp */ = {isa = PBXFileReference; fileEncoding = 4; lastKnownFileType = sourcecode.cpp.cpp; path = stripes_multi_three.cpp; sourceTree = "<group>"; };
		48C835FC1AC2D33F004B4D0B /* stripes_ep4.cpp */ = {isa = PBXFileReference; lastKnownFileType = sourcecode.cpp.cpp; path = stripes_ep4.cpp; sourceTree = "<group>"; };
		48C836061AC2D433004B4D0B /* stripes_split copy */ = {isa = PBXFileReference; explicitFileType = "compiled.mach-o.executable"; includeInIndex = 0; path = "stripes_split copy"; sourceTree = BUILT_PRODUCTS_DIR; };
		48C836081AC2D673004B4D0B /* subpopulation_propagule_split.h */ = {isa = PBXFileReference; lastKnownFileType = sourcecode.c.h; path = subpopulation_propagule_split.h; sourceTree = "<group>"; };
		48C836091AC3317E004B4D0B /* meta_moran_process.h */ = {isa = PBXFileReference; lastKnownFileType = sourcecode.c.h; path = meta_moran_process.h; sourceTree = "<group>"; };
		48C8360A1AC33728004B4D0B /* propagule.h */ = {isa = PBXFileReference; lastKnownFileType = sourcecode.c.h; path = propagule.h; sourceTree = "<group>"; };
		48EECA3F1ADC32020076F604 /* knockouts.h */ = {isa = PBXFileReference; lastKnownFileType = sourcecode.c.h; path = knockouts.h; sourceTree = "<group>"; };
		48FF4C9219379E17001F0183 /* stripes_multi */ = {isa = PBXFileReference; explicitFileType = "compiled.mach-o.executable"; includeInIndex = 0; path = stripes_multi; sourceTree = BUILT_PRODUCTS_DIR; };
/* End PBXFileReference section */

/* Begin PBXFrameworksBuildPhase section */
		4814664A1C249F2E00751B40 /* Frameworks */ = {
			isa = PBXFrameworksBuildPhase;
			buildActionMask = 2147483647;
			files = (
				4814664B1C249F2E00751B40 /* libea.a in Frameworks */,
			);
			runOnlyForDeploymentPostprocessing = 0;
		};
		481F3BFF1C8DCA4D00325485 /* Frameworks */ = {
			isa = PBXFrameworksBuildPhase;
			buildActionMask = 2147483647;
			files = (
				481F3C001C8DCA4D00325485 /* libea.a in Frameworks */,
			);
			runOnlyForDeploymentPostprocessing = 0;
		};
		48951F531C7A3F8E00F7D7F3 /* Frameworks */ = {
			isa = PBXFrameworksBuildPhase;
			buildActionMask = 2147483647;
			files = (
				48951F541C7A3F8E00F7D7F3 /* libea.a in Frameworks */,
			);
			runOnlyForDeploymentPostprocessing = 0;
		};
		4899180C1BF2662B002540AE /* Frameworks */ = {
			isa = PBXFrameworksBuildPhase;
			buildActionMask = 2147483647;
			files = (
				4899180D1BF2662B002540AE /* libea.a in Frameworks */,
			);
			runOnlyForDeploymentPostprocessing = 0;
		};
		48C836001AC2D433004B4D0B /* Frameworks */ = {
			isa = PBXFrameworksBuildPhase;
			buildActionMask = 2147483647;
			files = (
				48C836011AC2D433004B4D0B /* libea.a in Frameworks */,
			);
			runOnlyForDeploymentPostprocessing = 0;
		};
		48FF4C8719379E17001F0183 /* Frameworks */ = {
			isa = PBXFrameworksBuildPhase;
			buildActionMask = 2147483647;
			files = (
				42DC570C1940DCEB005044F1 /* libea.a in Frameworks */,
			);
			runOnlyForDeploymentPostprocessing = 0;
		};
/* End PBXFrameworksBuildPhase section */

/* Begin PBXGroup section */
		424419E815861127009863BE = {
			isa = PBXGroup;
			children = (
				42DC570A1940C99D005044F1 /* libea.a */,
				42441A7D158616AF009863BE /* etc */,
				42441A80158616AF009863BE /* Jamroot */,
				42441A9515861785009863BE /* lib */,
				424419F415861127009863BE /* Products */,
				42441A81158616AF009863BE /* src */,
			);
			sourceTree = "<group>";
		};
		424419F415861127009863BE /* Products */ = {
			isa = PBXGroup;
			children = (
				48FF4C9219379E17001F0183 /* stripes_multi */,
				48C836061AC2D433004B4D0B /* stripes_split copy */,
				489918121BF2662B002540AE /* mt */,
				481466501C249F2E00751B40 /* stripes_ep4_3 */,
				48951F591C7A3F8E00F7D7F3 /* stripes_multi_evo */,
				481F3C051C8DCA4D00325485 /* striopes_ep4_fixed */,
			);
			name = Products;
			sourceTree = "<group>";
		};
		42441A7D158616AF009863BE /* etc */ = {
			isa = PBXGroup;
			children = (
				42441A7E158616AF009863BE /* ps.xcconfig */,
				42C26B3D19454D6D00F0E6B9 /* stripes.cfg */,
				42441A7F158616AF009863BE /* libea_defaults.cfg */,
			);
			path = etc;
			sourceTree = "<group>";
		};
		42441A81158616AF009863BE /* src */ = {
			isa = PBXGroup;
			children = (
				48A1E129183F8ED70023C478 /* stripes.h */,
				4888686D1AAF615E00ACAFD9 /* stripes_split.h */,
				48AC8AB11937639900DA6945 /* stripes_multi_three.cpp */,
				48A0A3EF1CB8044A00284292 /* stripes_multi.cpp */,
				48951F4E1C7A3C7D00F7D7F3 /* stripes_multi_evo.cpp */,
				48C835FC1AC2D33F004B4D0B /* stripes_ep4.cpp */,
				481F3BFA1C8DC79C00325485 /* stripes_ep4_fixed.cpp */,
				481466461C249E0C00751B40 /* stripes_ep4_3.cpp */,
				487ACE231934F7C60016340B /* movie.h */,
				48EECA3F1ADC32020076F604 /* knockouts.h */,
				42DF06891945418600C9A364 /* subpopulation_propagule.h */,
				48C836081AC2D673004B4D0B /* subpopulation_propagule_split.h */,
				481F3BFB1C8DC7CC00325485 /* subpopulation_propagule_split_fixed.h */,
				481F84C119DD91AC000EDBE8 /* multibirth_not_nand_prop_ancestor.h */,
				48802FF41B011F9700CD819A /* multibirth_not_nand_ornot_prop_ancestor.h */,
				48C836091AC3317E004B4D0B /* meta_moran_process.h */,
				48C8360A1AC33728004B4D0B /* propagule.h */,
				489918081BF2635C002540AE /* mt.cpp */,
				489918061BF20687002540AE /* mt_propagule.h */,
				489918071BF20F63002540AE /* multi_birth_selfrep_not_remote_ancestor.h */,
			);
			path = src;
			sourceTree = "<group>";
		};
		42441A9515861785009863BE /* lib */ = {
			isa = PBXGroup;
			children = (
			);
			name = lib;
			path = /Users/dk/Documents/repositories/research.hg/src/ocr/../apps;
			sourceTree = "<absolute>";
		};
/* End PBXGroup section */

/* Begin PBXNativeTarget section */
		481466471C249F2E00751B40 /* stripes_ep4_3 */ = {
			isa = PBXNativeTarget;
			buildConfigurationList = 4814664D1C249F2E00751B40 /* Build configuration list for PBXNativeTarget "stripes_ep4_3" */;
			buildPhases = (
				481466481C249F2E00751B40 /* Sources */,
				4814664A1C249F2E00751B40 /* Frameworks */,
				4814664C1C249F2E00751B40 /* CopyFiles */,
			);
			buildRules = (
			);
			dependencies = (
			);
			name = stripes_ep4_3;
			productName = ealife;
			productReference = 481466501C249F2E00751B40 /* stripes_ep4_3 */;
			productType = "com.apple.product-type.tool";
		};
		481F3BFC1C8DCA4D00325485 /* striopes_ep4_fixed */ = {
			isa = PBXNativeTarget;
			buildConfigurationList = 481F3C021C8DCA4D00325485 /* Build configuration list for PBXNativeTarget "striopes_ep4_fixed" */;
			buildPhases = (
				481F3BFD1C8DCA4D00325485 /* Sources */,
				481F3BFF1C8DCA4D00325485 /* Frameworks */,
				481F3C011C8DCA4D00325485 /* CopyFiles */,
			);
			buildRules = (
			);
			dependencies = (
			);
			name = striopes_ep4_fixed;
			productName = ealife;
			productReference = 481F3C051C8DCA4D00325485 /* striopes_ep4_fixed */;
			productType = "com.apple.product-type.tool";
		};
		48951F501C7A3F8E00F7D7F3 /* stripes_multi_evo */ = {
			isa = PBXNativeTarget;
			buildConfigurationList = 48951F561C7A3F8E00F7D7F3 /* Build configuration list for PBXNativeTarget "stripes_multi_evo" */;
			buildPhases = (
				48951F511C7A3F8E00F7D7F3 /* Sources */,
				48951F531C7A3F8E00F7D7F3 /* Frameworks */,
				48951F551C7A3F8E00F7D7F3 /* CopyFiles */,
			);
			buildRules = (
			);
			dependencies = (
			);
			name = stripes_multi_evo;
			productName = ealife;
			productReference = 48951F591C7A3F8E00F7D7F3 /* stripes_multi_evo */;
			productType = "com.apple.product-type.tool";
		};
		489918091BF2662B002540AE /* mt */ = {
			isa = PBXNativeTarget;
			buildConfigurationList = 4899180F1BF2662B002540AE /* Build configuration list for PBXNativeTarget "mt" */;
			buildPhases = (
				4899180A1BF2662B002540AE /* Sources */,
				4899180C1BF2662B002540AE /* Frameworks */,
				4899180E1BF2662B002540AE /* CopyFiles */,
			);
			buildRules = (
			);
			dependencies = (
			);
			name = mt;
			productName = ealife;
			productReference = 489918121BF2662B002540AE /* mt */;
			productType = "com.apple.product-type.tool";
		};
		48C835FD1AC2D433004B4D0B /* stripes_ep4 */ = {
			isa = PBXNativeTarget;
			buildConfigurationList = 48C836031AC2D433004B4D0B /* Build configuration list for PBXNativeTarget "stripes_ep4" */;
			buildPhases = (
				48C835FE1AC2D433004B4D0B /* Sources */,
				48C836001AC2D433004B4D0B /* Frameworks */,
				48C836021AC2D433004B4D0B /* CopyFiles */,
			);
			buildRules = (
			);
			dependencies = (
			);
			name = stripes_ep4;
			productName = ealife;
			productReference = 48C836061AC2D433004B4D0B /* stripes_split copy */;
			productType = "com.apple.product-type.tool";
		};
		48FF4C8419379E17001F0183 /* stripes_multi */ = {
			isa = PBXNativeTarget;
			buildConfigurationList = 48FF4C8F19379E17001F0183 /* Build configuration list for PBXNativeTarget "stripes_multi" */;
			buildPhases = (
				48FF4C8519379E17001F0183 /* Sources */,
				48FF4C8719379E17001F0183 /* Frameworks */,
				48FF4C8E19379E17001F0183 /* CopyFiles */,
			);
			buildRules = (
			);
			dependencies = (
			);
			name = stripes_multi;
			productName = ealife;
			productReference = 48FF4C9219379E17001F0183 /* stripes_multi */;
			productType = "com.apple.product-type.tool";
		};
/* End PBXNativeTarget section */

/* Begin PBXProject section */
		424419EA15861127009863BE /* Project object */ = {
			isa = PBXProject;
			attributes = {
				LastUpgradeCheck = 0710;
				ORGANIZATIONNAME = "Michigan State University";
			};
			buildConfigurationList = 424419ED15861127009863BE /* Build configuration list for PBXProject "ps" */;
			compatibilityVersion = "Xcode 3.2";
			developmentRegion = English;
			hasScannedForEncodings = 0;
			knownRegions = (
				en,
			);
			mainGroup = 424419E815861127009863BE;
			productRefGroup = 424419F415861127009863BE /* Products */;
			projectDirPath = "";
			projectRoot = "";
			targets = (
				48FF4C8419379E17001F0183 /* stripes_multi */,
				48C835FD1AC2D433004B4D0B /* stripes_ep4 */,
				489918091BF2662B002540AE /* mt */,
				481466471C249F2E00751B40 /* stripes_ep4_3 */,
				48951F501C7A3F8E00F7D7F3 /* stripes_multi_evo */,
				481F3BFC1C8DCA4D00325485 /* striopes_ep4_fixed */,
			);
		};
/* End PBXProject section */

/* Begin PBXSourcesBuildPhase section */
		481466481C249F2E00751B40 /* Sources */ = {
			isa = PBXSourcesBuildPhase;
			buildActionMask = 2147483647;
			files = (
				481466511C249F4000751B40 /* stripes_ep4_3.cpp in Sources */,
			);
			runOnlyForDeploymentPostprocessing = 0;
		};
		481F3BFD1C8DCA4D00325485 /* Sources */ = {
			isa = PBXSourcesBuildPhase;
			buildActionMask = 2147483647;
			files = (
				481F3C061C8DCA5900325485 /* stripes_ep4_fixed.cpp in Sources */,
			);
			runOnlyForDeploymentPostprocessing = 0;
		};
		48951F511C7A3F8E00F7D7F3 /* Sources */ = {
			isa = PBXSourcesBuildPhase;
			buildActionMask = 2147483647;
			files = (
				48951F5A1C7A3F9E00F7D7F3 /* stripes_multi_evo.cpp in Sources */,
			);
			runOnlyForDeploymentPostprocessing = 0;
		};
		4899180A1BF2662B002540AE /* Sources */ = {
			isa = PBXSourcesBuildPhase;
			buildActionMask = 2147483647;
			files = (
				489918131BF26641002540AE /* mt.cpp in Sources */,
			);
			runOnlyForDeploymentPostprocessing = 0;
		};
		48C835FE1AC2D433004B4D0B /* Sources */ = {
			isa = PBXSourcesBuildPhase;
			buildActionMask = 2147483647;
			files = (
				48C836071AC2D4FD004B4D0B /* stripes_ep4.cpp in Sources */,
			);
			runOnlyForDeploymentPostprocessing = 0;
		};
		48FF4C8519379E17001F0183 /* Sources */ = {
			isa = PBXSourcesBuildPhase;
			buildActionMask = 2147483647;
			files = (
				48FF4C9319379E49001F0183 /* stripes_multi_three.cpp in Sources */,
			);
			runOnlyForDeploymentPostprocessing = 0;
		};
/* End PBXSourcesBuildPhase section */

/* Begin XCBuildConfiguration section */
		424419FB15861127009863BE /* Debug */ = {
			isa = XCBuildConfiguration;
			baseConfigurationReference = 42441A7E158616AF009863BE /* ps.xcconfig */;
			buildSettings = {
				ENABLE_TESTABILITY = YES;
				MACOSX_DEPLOYMENT_TARGET = 10.9;
				ONLY_ACTIVE_ARCH = YES;
				SDKROOT = macosx;
			};
			name = Debug;
		};
		424419FC15861127009863BE /* Release */ = {
			isa = XCBuildConfiguration;
			baseConfigurationReference = 42441A7E158616AF009863BE /* ps.xcconfig */;
			buildSettings = {
				MACOSX_DEPLOYMENT_TARGET = 10.9;
				SDKROOT = macosx;
			};
			name = Release;
		};
		4814664E1C249F2E00751B40 /* Debug */ = {
			isa = XCBuildConfiguration;
			buildSettings = {
				LIBRARY_SEARCH_PATHS = (
					"$(inherited)",
					/Users/dk/Documents/repositories/research.hg/src/DerivedData/research/Build/Products/Debug,
				);
				PRODUCT_NAME = "$(TARGET_NAME)";
			};
			name = Debug;
		};
		4814664F1C249F2E00751B40 /* Release */ = {
			isa = XCBuildConfiguration;
			buildSettings = {
				LIBRARY_SEARCH_PATHS = (
					"$(inherited)",
					/Users/dk/Documents/repositories/research.hg/src/DerivedData/research/Build/Products/Debug,
				);
				PRODUCT_NAME = "$(TARGET_NAME)";
			};
			name = Release;
		};
		481F3C031C8DCA4D00325485 /* Debug */ = {
			isa = XCBuildConfiguration;
			buildSettings = {
				LIBRARY_SEARCH_PATHS = (
					"$(inherited)",
					/Users/dk/Documents/repositories/research.hg/src/DerivedData/research/Build/Products/Debug,
				);
				PRODUCT_NAME = "$(TARGET_NAME)";
			};
			name = Debug;
		};
		481F3C041C8DCA4D00325485 /* Release */ = {
			isa = XCBuildConfiguration;
			buildSettings = {
				LIBRARY_SEARCH_PATHS = (
					"$(inherited)",
					/Users/dk/Documents/repositories/research.hg/src/DerivedData/research/Build/Products/Debug,
				);
				PRODUCT_NAME = "$(TARGET_NAME)";
			};
			name = Release;
		};
		48951F571C7A3F8E00F7D7F3 /* Debug */ = {
			isa = XCBuildConfiguration;
			buildSettings = {
				LIBRARY_SEARCH_PATHS = (
					"$(inherited)",
					/Users/dk/Documents/repositories/research.hg/src/DerivedData/research/Build/Products/Debug,
				);
				PRODUCT_NAME = "$(TARGET_NAME)";
			};
			name = Debug;
		};
		48951F581C7A3F8E00F7D7F3 /* Release */ = {
			isa = XCBuildConfiguration;
			buildSettings = {
				LIBRARY_SEARCH_PATHS = (
					"$(inherited)",
					/Users/dk/Documents/repositories/research.hg/src/DerivedData/research/Build/Products/Debug,
				);
				PRODUCT_NAME = "$(TARGET_NAME)";
			};
			name = Release;
		};
		489918101BF2662B002540AE /* Debug */ = {
			isa = XCBuildConfiguration;
			buildSettings = {
				LIBRARY_SEARCH_PATHS = (
					"$(inherited)",
					/Users/dk/Documents/repositories/research.hg/src/DerivedData/research/Build/Products/Debug,
				);
				PRODUCT_NAME = "$(TARGET_NAME)";
				SDKROOT = macosx;
			};
			name = Debug;
		};
		489918111BF2662B002540AE /* Release */ = {
			isa = XCBuildConfiguration;
			buildSettings = {
				LIBRARY_SEARCH_PATHS = (
					"$(inherited)",
					/Users/dk/Documents/repositories/research.hg/src/DerivedData/research/Build/Products/Debug,
				);
				PRODUCT_NAME = "$(TARGET_NAME)";
				SDKROOT = macosx;
			};
			name = Release;
		};
		48C836041AC2D433004B4D0B /* Debug */ = {
			isa = XCBuildConfiguration;
			buildSettings = {
				LIBRARY_SEARCH_PATHS = (
					"$(inherited)",
					/Users/dk/Documents/repositories/research.hg/src/DerivedData/research/Build/Products/Debug,
				);
				PRODUCT_NAME = "stripes_split copy";
			};
			name = Debug;
		};
		48C836051AC2D433004B4D0B /* Release */ = {
			isa = XCBuildConfiguration;
			buildSettings = {
				LIBRARY_SEARCH_PATHS = (
					"$(inherited)",
					/Users/dk/Documents/repositories/research.hg/src/DerivedData/research/Build/Products/Debug,
				);
				PRODUCT_NAME = "stripes_split copy";
			};
			name = Release;
		};
		48FF4C9019379E17001F0183 /* Debug */ = {
			isa = XCBuildConfiguration;
			buildSettings = {
				LIBRARY_SEARCH_PATHS = (
					"$(inherited)",
					/Users/dk/Documents/repositories/research.hg/src/DerivedData/research/Build/Products/Debug,
				);
				PRODUCT_NAME = stripes_multi;
			};
			name = Debug;
		};
		48FF4C9119379E17001F0183 /* Release */ = {
			isa = XCBuildConfiguration;
			buildSettings = {
				LIBRARY_SEARCH_PATHS = (
					"$(inherited)",
					/Users/dk/Documents/repositories/research.hg/src/DerivedData/research/Build/Products/Debug,
				);
				PRODUCT_NAME = stripes_multi;
			};
			name = Release;
		};
/* End XCBuildConfiguration section */

/* Begin XCConfigurationList section */
		424419ED15861127009863BE /* Build configuration list for PBXProject "ps" */ = {
			isa = XCConfigurationList;
			buildConfigurations = (
				424419FB15861127009863BE /* Debug */,
				424419FC15861127009863BE /* Release */,
			);
			defaultConfigurationIsVisible = 0;
			defaultConfigurationName = Release;
		};
		4814664D1C249F2E00751B40 /* Build configuration list for PBXNativeTarget "stripes_ep4_3" */ = {
			isa = XCConfigurationList;
			buildConfigurations = (
				4814664E1C249F2E00751B40 /* Debug */,
				4814664F1C249F2E00751B40 /* Release */,
			);
			defaultConfigurationIsVisible = 0;
			defaultConfigurationName = Release;
		};
		481F3C021C8DCA4D00325485 /* Build configuration list for PBXNativeTarget "striopes_ep4_fixed" */ = {
			isa = XCConfigurationList;
			buildConfigurations = (
				481F3C031C8DCA4D00325485 /* Debug */,
				481F3C041C8DCA4D00325485 /* Release */,
			);
			defaultConfigurationIsVisible = 0;
			defaultConfigurationName = Release;
		};
		48951F561C7A3F8E00F7D7F3 /* Build configuration list for PBXNativeTarget "stripes_multi_evo" */ = {
			isa = XCConfigurationList;
			buildConfigurations = (
				48951F571C7A3F8E00F7D7F3 /* Debug */,
				48951F581C7A3F8E00F7D7F3 /* Release */,
			);
			defaultConfigurationIsVisible = 0;
			defaultConfigurationName = Release;
		};
		4899180F1BF2662B002540AE /* Build configuration list for PBXNativeTarget "mt" */ = {
			isa = XCConfigurationList;
			buildConfigurations = (
				489918101BF2662B002540AE /* Debug */,
				489918111BF2662B002540AE /* Release */,
			);
			defaultConfigurationIsVisible = 0;
			defaultConfigurationName = Release;
		};
		48C836031AC2D433004B4D0B /* Build configuration list for PBXNativeTarget "stripes_ep4" */ = {
			isa = XCConfigurationList;
			buildConfigurations = (
				48C836041AC2D433004B4D0B /* Debug */,
				48C836051AC2D433004B4D0B /* Release */,
			);
			defaultConfigurationIsVisible = 0;
			defaultConfigurationName = Release;
		};
		48FF4C8F19379E17001F0183 /* Build configuration list for PBXNativeTarget "stripes_multi" */ = {
			isa = XCConfigurationList;
			buildConfigurations = (
				48FF4C9019379E17001F0183 /* Debug */,
				48FF4C9119379E17001F0183 /* Release */,
			);
			defaultConfigurationIsVisible = 0;
			defaultConfigurationName = Release;
		};
/* End XCConfigurationList section */
	};
	rootObject = 424419EA15861127009863BE /* Project object */;
}
