// !$*UTF8*$!
{
	archiveVersion = 1;
	classes = {
	};
	objectVersion = 46;
	objects = {

/* Begin PBXBuildFile section */
		42DC570C1940DCEB005044F1 /* libea.a in Frameworks */ = {isa = PBXBuildFile; fileRef = 42DC570A1940C99D005044F1 /* libea.a */; };
		480FEBD41CE61C5500ECABDD /* libea.a in Frameworks */ = {isa = PBXBuildFile; fileRef = 42DC570A1940C99D005044F1 /* libea.a */; };
		480FEBDB1CE61D4500ECABDD /* stripes_ep4_flipped.cpp in Sources */ = {isa = PBXBuildFile; fileRef = 480FEBCF1CE6194800ECABDD /* stripes_ep4_flipped.cpp */; };
		482085C21CCA7AA000406273 /* libea.a in Frameworks */ = {isa = PBXBuildFile; fileRef = 42DC570A1940C99D005044F1 /* libea.a */; };
		482085C81CCA7ABD00406273 /* stripes_multi_matrix.cpp in Sources */ = {isa = PBXBuildFile; fileRef = 482085BD1CCA7A3000406273 /* stripes_multi_matrix.cpp */; };
		482F013B1CC42EF900C88BD8 /* libea.a in Frameworks */ = {isa = PBXBuildFile; fileRef = 42DC570A1940C99D005044F1 /* libea.a */; };
		482F01411CC42F0B00C88BD8 /* stripes_multi_fps.cpp in Sources */ = {isa = PBXBuildFile; fileRef = 482F01361CC42E7C00C88BD8 /* stripes_multi_fps.cpp */; };
		482F01471CC5245000C88BD8 /* libea.a in Frameworks */ = {isa = PBXBuildFile; fileRef = 42DC570A1940C99D005044F1 /* libea.a */; };
		482F014D1CC5245900C88BD8 /* stripes_multi_fps_3.cpp in Sources */ = {isa = PBXBuildFile; fileRef = 482F01421CC523B100C88BD8 /* stripes_multi_fps_3.cpp */; };
		486CA9A81CD923ED003A113C /* libea.a in Frameworks */ = {isa = PBXBuildFile; fileRef = 42DC570A1940C99D005044F1 /* libea.a */; };
		486CA9AE1CD923F8003A113C /* stripes_ep4_fixed.cpp in Sources */ = {isa = PBXBuildFile; fileRef = 486CA9A31CD923BF003A113C /* stripes_ep4_fixed.cpp */; };
		486CA9B51CDCE53E003A113C /* libea.a in Frameworks */ = {isa = PBXBuildFile; fileRef = 42DC570A1940C99D005044F1 /* libea.a */; };
		486CA9BB1CDCE54C003A113C /* stripes_ep4_copy.cpp in Sources */ = {isa = PBXBuildFile; fileRef = 486CA9B01CDCE51A003A113C /* stripes_ep4_copy.cpp */; };
		48CA8EA11CD3D25A004BDB7E /* libea.a in Frameworks */ = {isa = PBXBuildFile; fileRef = 42DC570A1940C99D005044F1 /* libea.a */; };
		48CA8EA71CD3D265004BDB7E /* stripes_ep4.cpp in Sources */ = {isa = PBXBuildFile; fileRef = 48CA8E9C1CD3D21B004BDB7E /* stripes_ep4.cpp */; };
		48FF4C9319379E49001F0183 /* stripes_multi.cpp in Sources */ = {isa = PBXBuildFile; fileRef = 48AC8AB11937639900DA6945 /* stripes_multi.cpp */; };
/* End PBXBuildFile section */

/* Begin PBXCopyFilesBuildPhase section */
		480FEBD51CE61C5500ECABDD /* CopyFiles */ = {
			isa = PBXCopyFilesBuildPhase;
			buildActionMask = 2147483647;
			dstPath = /usr/share/man/man1/;
			dstSubfolderSpec = 0;
			files = (
			);
			runOnlyForDeploymentPostprocessing = 1;
		};
		482085C31CCA7AA000406273 /* CopyFiles */ = {
			isa = PBXCopyFilesBuildPhase;
			buildActionMask = 2147483647;
			dstPath = /usr/share/man/man1/;
			dstSubfolderSpec = 0;
			files = (
			);
			runOnlyForDeploymentPostprocessing = 1;
		};
		482F013C1CC42EF900C88BD8 /* CopyFiles */ = {
			isa = PBXCopyFilesBuildPhase;
			buildActionMask = 2147483647;
			dstPath = /usr/share/man/man1/;
			dstSubfolderSpec = 0;
			files = (
			);
			runOnlyForDeploymentPostprocessing = 1;
		};
		482F01481CC5245000C88BD8 /* CopyFiles */ = {
			isa = PBXCopyFilesBuildPhase;
			buildActionMask = 2147483647;
			dstPath = /usr/share/man/man1/;
			dstSubfolderSpec = 0;
			files = (
			);
			runOnlyForDeploymentPostprocessing = 1;
		};
		486CA9A91CD923ED003A113C /* CopyFiles */ = {
			isa = PBXCopyFilesBuildPhase;
			buildActionMask = 2147483647;
			dstPath = /usr/share/man/man1/;
			dstSubfolderSpec = 0;
			files = (
			);
			runOnlyForDeploymentPostprocessing = 1;
		};
		486CA9B61CDCE53E003A113C /* CopyFiles */ = {
			isa = PBXCopyFilesBuildPhase;
			buildActionMask = 2147483647;
			dstPath = /usr/share/man/man1/;
			dstSubfolderSpec = 0;
			files = (
			);
			runOnlyForDeploymentPostprocessing = 1;
		};
		48CA8EA21CD3D25A004BDB7E /* CopyFiles */ = {
			isa = PBXCopyFilesBuildPhase;
			buildActionMask = 2147483647;
			dstPath = /usr/share/man/man1/;
			dstSubfolderSpec = 0;
			files = (
			);
			runOnlyForDeploymentPostprocessing = 1;
		};
		48FF4C8E19379E17001F0183 /* CopyFiles */ = {
			isa = PBXCopyFilesBuildPhase;
			buildActionMask = 2147483647;
			dstPath = /usr/share/man/man1/;
			dstSubfolderSpec = 0;
			files = (
			);
			runOnlyForDeploymentPostprocessing = 1;
		};
/* End PBXCopyFilesBuildPhase section */

/* Begin PBXFileReference section */
		42441A7E158616AF009863BE /* ps.xcconfig */ = {isa = PBXFileReference; lastKnownFileType = text.xcconfig; path = ps.xcconfig; sourceTree = "<group>"; };
		42441A7F158616AF009863BE /* libea_defaults.cfg */ = {isa = PBXFileReference; lastKnownFileType = text; path = libea_defaults.cfg; sourceTree = "<group>"; };
		42441A80158616AF009863BE /* Jamroot */ = {isa = PBXFileReference; lastKnownFileType = text; path = Jamroot; sourceTree = "<group>"; };
		42C26B3D19454D6D00F0E6B9 /* stripes.cfg */ = {isa = PBXFileReference; lastKnownFileType = text; path = stripes.cfg; sourceTree = "<group>"; };
		42DC570A1940C99D005044F1 /* libea.a */ = {isa = PBXFileReference; lastKnownFileType = archive.ar; name = libea.a; path = ../DerivedData/research/Build/Products/Debug/libea.a; sourceTree = "<group>"; };
		42DF06891945418600C9A364 /* subpopulation_propagule.h */ = {isa = PBXFileReference; lastKnownFileType = sourcecode.c.h; path = subpopulation_propagule.h; sourceTree = "<group>"; };
		480FEBCF1CE6194800ECABDD /* stripes_ep4_flipped.cpp */ = {isa = PBXFileReference; lastKnownFileType = sourcecode.cpp.cpp; path = stripes_ep4_flipped.cpp; sourceTree = "<group>"; };
		480FEBD91CE61C5500ECABDD /* stripes_ep4_flipped */ = {isa = PBXFileReference; explicitFileType = "compiled.mach-o.executable"; includeInIndex = 0; path = stripes_ep4_flipped; sourceTree = BUILT_PRODUCTS_DIR; };
		481F84C119DD91AC000EDBE8 /* multibirth_not_nand_prop_ancestor.h */ = {isa = PBXFileReference; lastKnownFileType = sourcecode.c.h; path = multibirth_not_nand_prop_ancestor.h; sourceTree = "<group>"; };
		482085BD1CCA7A3000406273 /* stripes_multi_matrix.cpp */ = {isa = PBXFileReference; lastKnownFileType = sourcecode.cpp.cpp; path = stripes_multi_matrix.cpp; sourceTree = "<group>"; };
		482085C71CCA7AA000406273 /* stripes_multi_matrix */ = {isa = PBXFileReference; explicitFileType = "compiled.mach-o.executable"; includeInIndex = 0; path = stripes_multi_matrix; sourceTree = BUILT_PRODUCTS_DIR; };
		482085C91CCA8BE400406273 /* evo_propagule_ins.h */ = {isa = PBXFileReference; lastKnownFileType = sourcecode.c.h; path = evo_propagule_ins.h; sourceTree = "<group>"; };
		482085CA1CCA8CF200406273 /* stripes_multi_evo.cpp */ = {isa = PBXFileReference; lastKnownFileType = sourcecode.cpp.cpp; path = stripes_multi_evo.cpp; sourceTree = "<group>"; };
		482F01361CC42E7C00C88BD8 /* stripes_multi_fps.cpp */ = {isa = PBXFileReference; lastKnownFileType = sourcecode.cpp.cpp; path = stripes_multi_fps.cpp; sourceTree = "<group>"; };
		482F01401CC42EF900C88BD8 /* stripes_multi_fps */ = {isa = PBXFileReference; explicitFileType = "compiled.mach-o.executable"; includeInIndex = 0; path = stripes_multi_fps; sourceTree = BUILT_PRODUCTS_DIR; };
		482F01421CC523B100C88BD8 /* stripes_multi_fps_3.cpp */ = {isa = PBXFileReference; lastKnownFileType = sourcecode.cpp.cpp; path = stripes_multi_fps_3.cpp; sourceTree = "<group>"; };
		482F014C1CC5245000C88BD8 /* stripes_multi_fps_3 */ = {isa = PBXFileReference; explicitFileType = "compiled.mach-o.executable"; includeInIndex = 0; path = stripes_multi_fps_3; sourceTree = BUILT_PRODUCTS_DIR; };
		486CA9A31CD923BF003A113C /* stripes_ep4_fixed.cpp */ = {isa = PBXFileReference; lastKnownFileType = sourcecode.cpp.cpp; path = stripes_ep4_fixed.cpp; sourceTree = "<group>"; };
		486CA9AD1CD923ED003A113C /* stripes_ep4_fixed */ = {isa = PBXFileReference; explicitFileType = "compiled.mach-o.executable"; includeInIndex = 0; path = stripes_ep4_fixed; sourceTree = BUILT_PRODUCTS_DIR; };
		486CA9AF1CDCD47F003A113C /* subpopulation_propagule_copy.h */ = {isa = PBXFileReference; lastKnownFileType = sourcecode.c.h; path = subpopulation_propagule_copy.h; sourceTree = "<group>"; };
		486CA9B01CDCE51A003A113C /* stripes_ep4_copy.cpp */ = {isa = PBXFileReference; lastKnownFileType = sourcecode.cpp.cpp; path = stripes_ep4_copy.cpp; sourceTree = "<group>"; };
		486CA9BA1CDCE53E003A113C /* stripes_ep4_copy */ = {isa = PBXFileReference; explicitFileType = "compiled.mach-o.executable"; includeInIndex = 0; path = stripes_ep4_copy; sourceTree = BUILT_PRODUCTS_DIR; };
		487ACE231934F7C60016340B /* movie.h */ = {isa = PBXFileReference; lastKnownFileType = sourcecode.c.h; path = movie.h; sourceTree = "<group>"; };
		48A1E129183F8ED70023C478 /* stripes.h */ = {isa = PBXFileReference; lastKnownFileType = sourcecode.c.h; path = stripes.h; sourceTree = "<group>"; };
		48AC8AB11937639900DA6945 /* stripes_multi.cpp */ = {isa = PBXFileReference; fileEncoding = 4; lastKnownFileType = sourcecode.cpp.cpp; path = stripes_multi.cpp; sourceTree = "<group>"; };
		48CA8E9B1CD3D1B8004BDB7E /* subpopulation_propagule_split.h */ = {isa = PBXFileReference; lastKnownFileType = sourcecode.c.h; path = subpopulation_propagule_split.h; sourceTree = "<group>"; };
		48CA8E9C1CD3D21B004BDB7E /* stripes_ep4.cpp */ = {isa = PBXFileReference; lastKnownFileType = sourcecode.cpp.cpp; path = stripes_ep4.cpp; sourceTree = "<group>"; };
		48CA8EA61CD3D25A004BDB7E /* stripes_ep4 */ = {isa = PBXFileReference; explicitFileType = "compiled.mach-o.executable"; includeInIndex = 0; path = stripes_ep4; sourceTree = BUILT_PRODUCTS_DIR; };
		48CA8EA81CD3D2C7004BDB7E /* meta_moran_process.h */ = {isa = PBXFileReference; lastKnownFileType = sourcecode.c.h; path = meta_moran_process.h; sourceTree = "<group>"; };
		48CA8EA91CD3D477004BDB7E /* propagule.h */ = {isa = PBXFileReference; lastKnownFileType = sourcecode.c.h; path = propagule.h; sourceTree = "<group>"; };
		48FF4C9219379E17001F0183 /* stripes_multi */ = {isa = PBXFileReference; explicitFileType = "compiled.mach-o.executable"; includeInIndex = 0; path = stripes_multi; sourceTree = BUILT_PRODUCTS_DIR; };
/* End PBXFileReference section */

/* Begin PBXFrameworksBuildPhase section */
		480FEBD31CE61C5500ECABDD /* Frameworks */ = {
			isa = PBXFrameworksBuildPhase;
			buildActionMask = 2147483647;
			files = (
				480FEBD41CE61C5500ECABDD /* libea.a in Frameworks */,
			);
			runOnlyForDeploymentPostprocessing = 0;
		};
		482085C11CCA7AA000406273 /* Frameworks */ = {
			isa = PBXFrameworksBuildPhase;
			buildActionMask = 2147483647;
			files = (
				482085C21CCA7AA000406273 /* libea.a in Frameworks */,
			);
			runOnlyForDeploymentPostprocessing = 0;
		};
		482F013A1CC42EF900C88BD8 /* Frameworks */ = {
			isa = PBXFrameworksBuildPhase;
			buildActionMask = 2147483647;
			files = (
				482F013B1CC42EF900C88BD8 /* libea.a in Frameworks */,
			);
			runOnlyForDeploymentPostprocessing = 0;
		};
		482F01461CC5245000C88BD8 /* Frameworks */ = {
			isa = PBXFrameworksBuildPhase;
			buildActionMask = 2147483647;
			files = (
				482F01471CC5245000C88BD8 /* libea.a in Frameworks */,
			);
			runOnlyForDeploymentPostprocessing = 0;
		};
		486CA9A71CD923ED003A113C /* Frameworks */ = {
			isa = PBXFrameworksBuildPhase;
			buildActionMask = 2147483647;
			files = (
				486CA9A81CD923ED003A113C /* libea.a in Frameworks */,
			);
			runOnlyForDeploymentPostprocessing = 0;
		};
		486CA9B41CDCE53E003A113C /* Frameworks */ = {
			isa = PBXFrameworksBuildPhase;
			buildActionMask = 2147483647;
			files = (
				486CA9B51CDCE53E003A113C /* libea.a in Frameworks */,
			);
			runOnlyForDeploymentPostprocessing = 0;
		};
		48CA8EA01CD3D25A004BDB7E /* Frameworks */ = {
			isa = PBXFrameworksBuildPhase;
			buildActionMask = 2147483647;
			files = (
				48CA8EA11CD3D25A004BDB7E /* libea.a in Frameworks */,
			);
			runOnlyForDeploymentPostprocessing = 0;
		};
		48FF4C8719379E17001F0183 /* Frameworks */ = {
			isa = PBXFrameworksBuildPhase;
			buildActionMask = 2147483647;
			files = (
				42DC570C1940DCEB005044F1 /* libea.a in Frameworks */,
			);
			runOnlyForDeploymentPostprocessing = 0;
		};
/* End PBXFrameworksBuildPhase section */

/* Begin PBXGroup section */
		424419E815861127009863BE = {
			isa = PBXGroup;
			children = (
				42DC570A1940C99D005044F1 /* libea.a */,
				42441A7D158616AF009863BE /* etc */,
				42441A80158616AF009863BE /* Jamroot */,
				42441A9515861785009863BE /* lib */,
				424419F415861127009863BE /* Products */,
				42441A81158616AF009863BE /* src */,
			);
			sourceTree = "<group>";
		};
		424419F415861127009863BE /* Products */ = {
			isa = PBXGroup;
			children = (
				48FF4C9219379E17001F0183 /* stripes_multi */,
				482F01401CC42EF900C88BD8 /* stripes_multi_fps */,
				482F014C1CC5245000C88BD8 /* stripes_multi_fps_3 */,
				482085C71CCA7AA000406273 /* stripes_multi_matrix */,
				48CA8EA61CD3D25A004BDB7E /* stripes_ep4 */,
				486CA9AD1CD923ED003A113C /* stripes_ep4_fixed */,
				486CA9BA1CDCE53E003A113C /* stripes_ep4_copy */,
				480FEBD91CE61C5500ECABDD /* stripes_ep4_flipped */,
			);
			name = Products;
			sourceTree = "<group>";
		};
		42441A7D158616AF009863BE /* etc */ = {
			isa = PBXGroup;
			children = (
				42441A7E158616AF009863BE /* ps.xcconfig */,
				42C26B3D19454D6D00F0E6B9 /* stripes.cfg */,
				42441A7F158616AF009863BE /* libea_defaults.cfg */,
			);
			path = etc;
			sourceTree = "<group>";
		};
		42441A81158616AF009863BE /* src */ = {
			isa = PBXGroup;
			children = (
				48CA8EA91CD3D477004BDB7E /* propagule.h */,
				48A1E129183F8ED70023C478 /* stripes.h */,
				482085C91CCA8BE400406273 /* evo_propagule_ins.h */,
				48AC8AB11937639900DA6945 /* stripes_multi.cpp */,
				482085CA1CCA8CF200406273 /* stripes_multi_evo.cpp */,
				482085BD1CCA7A3000406273 /* stripes_multi_matrix.cpp */,
				482F01421CC523B100C88BD8 /* stripes_multi_fps_3.cpp */,
				482F01361CC42E7C00C88BD8 /* stripes_multi_fps.cpp */,
				487ACE231934F7C60016340B /* movie.h */,
				42DF06891945418600C9A364 /* subpopulation_propagule.h */,
				481F84C119DD91AC000EDBE8 /* multibirth_not_nand_prop_ancestor.h */,
				48CA8E9B1CD3D1B8004BDB7E /* subpopulation_propagule_split.h */,
				486CA9AF1CDCD47F003A113C /* subpopulation_propagule_copy.h */,
				48CA8E9C1CD3D21B004BDB7E /* stripes_ep4.cpp */,
				480FEBCF1CE6194800ECABDD /* stripes_ep4_flipped.cpp */,
				486CA9A31CD923BF003A113C /* stripes_ep4_fixed.cpp */,
				486CA9B01CDCE51A003A113C /* stripes_ep4_copy.cpp */,
				48CA8EA81CD3D2C7004BDB7E /* meta_moran_process.h */,
			);
			path = src;
			sourceTree = "<group>";
		};
		42441A9515861785009863BE /* lib */ = {
			isa = PBXGroup;
			children = (
			);
			name = lib;
			path = /Users/dk/Documents/repositories/research.hg/src/ocr/../apps;
			sourceTree = "<absolute>";
		};
/* End PBXGroup section */

/* Begin PBXNativeTarget section */
		480FEBD01CE61C5500ECABDD /* stripes_ep4_flipped */ = {
			isa = PBXNativeTarget;
			buildConfigurationList = 480FEBD61CE61C5500ECABDD /* Build configuration list for PBXNativeTarget "stripes_ep4_flipped" */;
			buildPhases = (
				480FEBD11CE61C5500ECABDD /* Sources */,
				480FEBD31CE61C5500ECABDD /* Frameworks */,
				480FEBD51CE61C5500ECABDD /* CopyFiles */,
			);
			buildRules = (
			);
			dependencies = (
			);
			name = stripes_ep4_flipped;
			productName = ealife;
			productReference = 480FEBD91CE61C5500ECABDD /* stripes_ep4_flipped */;
			productType = "com.apple.product-type.tool";
		};
		482085BE1CCA7AA000406273 /* stripes_multi_matrix */ = {
			isa = PBXNativeTarget;
			buildConfigurationList = 482085C41CCA7AA000406273 /* Build configuration list for PBXNativeTarget "stripes_multi_matrix" */;
			buildPhases = (
				482085BF1CCA7AA000406273 /* Sources */,
				482085C11CCA7AA000406273 /* Frameworks */,
				482085C31CCA7AA000406273 /* CopyFiles */,
			);
			buildRules = (
			);
			dependencies = (
			);
			name = stripes_multi_matrix;
			productName = ealife;
			productReference = 482085C71CCA7AA000406273 /* stripes_multi_matrix */;
			productType = "com.apple.product-type.tool";
		};
		482F01371CC42EF900C88BD8 /* stripes_multi_fps */ = {
			isa = PBXNativeTarget;
			buildConfigurationList = 482F013D1CC42EF900C88BD8 /* Build configuration list for PBXNativeTarget "stripes_multi_fps" */;
			buildPhases = (
				482F01381CC42EF900C88BD8 /* Sources */,
				482F013A1CC42EF900C88BD8 /* Frameworks */,
				482F013C1CC42EF900C88BD8 /* CopyFiles */,
			);
			buildRules = (
			);
			dependencies = (
			);
			name = stripes_multi_fps;
			productName = ealife;
			productReference = 482F01401CC42EF900C88BD8 /* stripes_multi_fps */;
			productType = "com.apple.product-type.tool";
		};
		482F01431CC5245000C88BD8 /* stripes_multi_fps_3 */ = {
			isa = PBXNativeTarget;
			buildConfigurationList = 482F01491CC5245000C88BD8 /* Build configuration list for PBXNativeTarget "stripes_multi_fps_3" */;
			buildPhases = (
				482F01441CC5245000C88BD8 /* Sources */,
				482F01461CC5245000C88BD8 /* Frameworks */,
				482F01481CC5245000C88BD8 /* CopyFiles */,
			);
			buildRules = (
			);
			dependencies = (
			);
			name = stripes_multi_fps_3;
			productName = ealife;
			productReference = 482F014C1CC5245000C88BD8 /* stripes_multi_fps_3 */;
			productType = "com.apple.product-type.tool";
		};
		486CA9A41CD923ED003A113C /* stripes_ep4_fixed */ = {
			isa = PBXNativeTarget;
			buildConfigurationList = 486CA9AA1CD923ED003A113C /* Build configuration list for PBXNativeTarget "stripes_ep4_fixed" */;
			buildPhases = (
				486CA9A51CD923ED003A113C /* Sources */,
				486CA9A71CD923ED003A113C /* Frameworks */,
				486CA9A91CD923ED003A113C /* CopyFiles */,
			);
			buildRules = (
			);
			dependencies = (
			);
			name = stripes_ep4_fixed;
			productName = ealife;
			productReference = 486CA9AD1CD923ED003A113C /* stripes_ep4_fixed */;
			productType = "com.apple.product-type.tool";
		};
		486CA9B11CDCE53E003A113C /* stripes_ep4_copy */ = {
			isa = PBXNativeTarget;
			buildConfigurationList = 486CA9B71CDCE53E003A113C /* Build configuration list for PBXNativeTarget "stripes_ep4_copy" */;
			buildPhases = (
				486CA9B21CDCE53E003A113C /* Sources */,
				486CA9B41CDCE53E003A113C /* Frameworks */,
				486CA9B61CDCE53E003A113C /* CopyFiles */,
			);
			buildRules = (
			);
			dependencies = (
			);
			name = stripes_ep4_copy;
			productName = ealife;
			productReference = 486CA9BA1CDCE53E003A113C /* stripes_ep4_copy */;
			productType = "com.apple.product-type.tool";
		};
		48CA8E9D1CD3D25A004BDB7E /* stripes_ep4 */ = {
			isa = PBXNativeTarget;
			buildConfigurationList = 48CA8EA31CD3D25A004BDB7E /* Build configuration list for PBXNativeTarget "stripes_ep4" */;
			buildPhases = (
				48CA8E9E1CD3D25A004BDB7E /* Sources */,
				48CA8EA01CD3D25A004BDB7E /* Frameworks */,
				48CA8EA21CD3D25A004BDB7E /* CopyFiles */,
			);
			buildRules = (
			);
			dependencies = (
			);
			name = stripes_ep4;
			productName = ealife;
			productReference = 48CA8EA61CD3D25A004BDB7E /* stripes_ep4 */;
			productType = "com.apple.product-type.tool";
		};
		48FF4C8419379E17001F0183 /* stripes_multi */ = {
			isa = PBXNativeTarget;
			buildConfigurationList = 48FF4C8F19379E17001F0183 /* Build configuration list for PBXNativeTarget "stripes_multi" */;
			buildPhases = (
				48FF4C8519379E17001F0183 /* Sources */,
				48FF4C8719379E17001F0183 /* Frameworks */,
				48FF4C8E19379E17001F0183 /* CopyFiles */,
			);
			buildRules = (
			);
			dependencies = (
			);
			name = stripes_multi;
			productName = ealife;
			productReference = 48FF4C9219379E17001F0183 /* stripes_multi */;
			productType = "com.apple.product-type.tool";
		};
/* End PBXNativeTarget section */

/* Begin PBXProject section */
		424419EA15861127009863BE /* Project object */ = {
			isa = PBXProject;
			attributes = {
				LastUpgradeCheck = 0610;
				ORGANIZATIONNAME = "Michigan State University";
			};
			buildConfigurationList = 424419ED15861127009863BE /* Build configuration list for PBXProject "ps" */;
			compatibilityVersion = "Xcode 3.2";
			developmentRegion = English;
			hasScannedForEncodings = 0;
			knownRegions = (
				en,
			);
			mainGroup = 424419E815861127009863BE;
			productRefGroup = 424419F415861127009863BE /* Products */;
			projectDirPath = "";
			projectRoot = "";
			targets = (
				48FF4C8419379E17001F0183 /* stripes_multi */,
				482F01371CC42EF900C88BD8 /* stripes_multi_fps */,
				482F01431CC5245000C88BD8 /* stripes_multi_fps_3 */,
				482085BE1CCA7AA000406273 /* stripes_multi_matrix */,
				48CA8E9D1CD3D25A004BDB7E /* stripes_ep4 */,
				486CA9A41CD923ED003A113C /* stripes_ep4_fixed */,
				486CA9B11CDCE53E003A113C /* stripes_ep4_copy */,
				480FEBD01CE61C5500ECABDD /* stripes_ep4_flipped */,
			);
		};
/* End PBXProject section */

/* Begin PBXSourcesBuildPhase section */
		480FEBD11CE61C5500ECABDD /* Sources */ = {
			isa = PBXSourcesBuildPhase;
			buildActionMask = 2147483647;
			files = (
				480FEBDB1CE61D4500ECABDD /* stripes_ep4_flipped.cpp in Sources */,
			);
			runOnlyForDeploymentPostprocessing = 0;
		};
		482085BF1CCA7AA000406273 /* Sources */ = {
			isa = PBXSourcesBuildPhase;
			buildActionMask = 2147483647;
			files = (
				482085C81CCA7ABD00406273 /* stripes_multi_matrix.cpp in Sources */,
			);
			runOnlyForDeploymentPostprocessing = 0;
		};
		482F01381CC42EF900C88BD8 /* Sources */ = {
			isa = PBXSourcesBuildPhase;
			buildActionMask = 2147483647;
			files = (
				482F01411CC42F0B00C88BD8 /* stripes_multi_fps.cpp in Sources */,
			);
			runOnlyForDeploymentPostprocessing = 0;
		};
		482F01441CC5245000C88BD8 /* Sources */ = {
			isa = PBXSourcesBuildPhase;
			buildActionMask = 2147483647;
			files = (
				482F014D1CC5245900C88BD8 /* stripes_multi_fps_3.cpp in Sources */,
			);
			runOnlyForDeploymentPostprocessing = 0;
		};
		486CA9A51CD923ED003A113C /* Sources */ = {
			isa = PBXSourcesBuildPhase;
			buildActionMask = 2147483647;
			files = (
				486CA9AE1CD923F8003A113C /* stripes_ep4_fixed.cpp in Sources */,
			);
			runOnlyForDeploymentPostprocessing = 0;
		};
		486CA9B21CDCE53E003A113C /* Sources */ = {
			isa = PBXSourcesBuildPhase;
			buildActionMask = 2147483647;
			files = (
				486CA9BB1CDCE54C003A113C /* stripes_ep4_copy.cpp in Sources */,
			);
			runOnlyForDeploymentPostprocessing = 0;
		};
		48CA8E9E1CD3D25A004BDB7E /* Sources */ = {
			isa = PBXSourcesBuildPhase;
			buildActionMask = 2147483647;
			files = (
				48CA8EA71CD3D265004BDB7E /* stripes_ep4.cpp in Sources */,
			);
			runOnlyForDeploymentPostprocessing = 0;
		};
		48FF4C8519379E17001F0183 /* Sources */ = {
			isa = PBXSourcesBuildPhase;
			buildActionMask = 2147483647;
			files = (
				48FF4C9319379E49001F0183 /* stripes_multi.cpp in Sources */,
			);
			runOnlyForDeploymentPostprocessing = 0;
		};
/* End PBXSourcesBuildPhase section */

/* Begin XCBuildConfiguration section */
		424419FB15861127009863BE /* Debug */ = {
			isa = XCBuildConfiguration;
			baseConfigurationReference = 42441A7E158616AF009863BE /* ps.xcconfig */;
			buildSettings = {
				MACOSX_DEPLOYMENT_TARGET = 10.11;
				ONLY_ACTIVE_ARCH = YES;
				SDKROOT = macosx;
			};
			name = Debug;
		};
		424419FC15861127009863BE /* Release */ = {
			isa = XCBuildConfiguration;
			baseConfigurationReference = 42441A7E158616AF009863BE /* ps.xcconfig */;
			buildSettings = {
				MACOSX_DEPLOYMENT_TARGET = 10.11;
				SDKROOT = macosx;
			};
			name = Release;
		};
		480FEBD71CE61C5500ECABDD /* Debug */ = {
			isa = XCBuildConfiguration;
			buildSettings = {
				LIBRARY_SEARCH_PATHS = (
					"$(inherited)",
					/Users/dk/Documents/repositories/research.hg/src/DerivedData/research/Build/Products/Debug,
				);
				PRODUCT_NAME = "$(TARGET_NAME)";
			};
			name = Debug;
		};
		480FEBD81CE61C5500ECABDD /* Release */ = {
			isa = XCBuildConfiguration;
			buildSettings = {
				LIBRARY_SEARCH_PATHS = (
					"$(inherited)",
					/Users/dk/Documents/repositories/research.hg/src/DerivedData/research/Build/Products/Debug,
				);
				PRODUCT_NAME = "$(TARGET_NAME)";
			};
			name = Release;
		};
		482085C51CCA7AA000406273 /* Debug */ = {
			isa = XCBuildConfiguration;
			buildSettings = {
				LIBRARY_SEARCH_PATHS = (
					"$(inherited)",
					/Users/dk/Documents/repositories/research.hg/src/DerivedData/research/Build/Products/Debug,
				);
				PRODUCT_NAME = "$(TARGET_NAME)";
			};
			name = Debug;
		};
		482085C61CCA7AA000406273 /* Release */ = {
			isa = XCBuildConfiguration;
			buildSettings = {
				LIBRARY_SEARCH_PATHS = (
					"$(inherited)",
					/Users/dk/Documents/repositories/research.hg/src/DerivedData/research/Build/Products/Debug,
				);
				PRODUCT_NAME = "$(TARGET_NAME)";
			};
			name = Release;
		};
		482F013E1CC42EF900C88BD8 /* Debug */ = {
			isa = XCBuildConfiguration;
			buildSettings = {
				LIBRARY_SEARCH_PATHS = (
					"$(inherited)",
					/Users/dk/Documents/repositories/research.hg/src/DerivedData/research/Build/Products/Debug,
				);
				PRODUCT_NAME = "$(TARGET_NAME)";
			};
			name = Debug;
		};
		482F013F1CC42EF900C88BD8 /* Release */ = {
			isa = XCBuildConfiguration;
			buildSettings = {
				LIBRARY_SEARCH_PATHS = (
					"$(inherited)",
					/Users/dk/Documents/repositories/research.hg/src/DerivedData/research/Build/Products/Debug,
				);
				PRODUCT_NAME = "$(TARGET_NAME)";
			};
			name = Release;
		};
		482F014A1CC5245000C88BD8 /* Debug */ = {
			isa = XCBuildConfiguration;
			buildSettings = {
				LIBRARY_SEARCH_PATHS = (
					"$(inherited)",
					/Users/dk/Documents/repositories/research.hg/src/DerivedData/research/Build/Products/Debug,
				);
				PRODUCT_NAME = "$(TARGET_NAME)";
			};
			name = Debug;
		};
		482F014B1CC5245000C88BD8 /* Release */ = {
			isa = XCBuildConfiguration;
			buildSettings = {
				LIBRARY_SEARCH_PATHS = (
					"$(inherited)",
					/Users/dk/Documents/repositories/research.hg/src/DerivedData/research/Build/Products/Debug,
				);
				PRODUCT_NAME = "$(TARGET_NAME)";
			};
			name = Release;
		};
		486CA9AB1CD923ED003A113C /* Debug */ = {
			isa = XCBuildConfiguration;
			buildSettings = {
				LIBRARY_SEARCH_PATHS = (
					"$(inherited)",
					/Users/dk/Documents/repositories/research.hg/src/DerivedData/research/Build/Products/Debug,
				);
				PRODUCT_NAME = "$(TARGET_NAME)";
			};
			name = Debug;
		};
		486CA9AC1CD923ED003A113C /* Release */ = {
			isa = XCBuildConfiguration;
			buildSettings = {
				LIBRARY_SEARCH_PATHS = (
					"$(inherited)",
					/Users/dk/Documents/repositories/research.hg/src/DerivedData/research/Build/Products/Debug,
				);
				PRODUCT_NAME = "$(TARGET_NAME)";
			};
			name = Release;
		};
		486CA9B81CDCE53E003A113C /* Debug */ = {
			isa = XCBuildConfiguration;
			buildSettings = {
				LIBRARY_SEARCH_PATHS = (
					"$(inherited)",
					/Users/dk/Documents/repositories/research.hg/src/DerivedData/research/Build/Products/Debug,
				);
				PRODUCT_NAME = "$(TARGET_NAME)";
			};
			name = Debug;
		};
		486CA9B91CDCE53E003A113C /* Release */ = {
			isa = XCBuildConfiguration;
			buildSettings = {
				LIBRARY_SEARCH_PATHS = (
					"$(inherited)",
					/Users/dk/Documents/repositories/research.hg/src/DerivedData/research/Build/Products/Debug,
				);
				PRODUCT_NAME = "$(TARGET_NAME)";
			};
			name = Release;
		};
		48CA8EA41CD3D25A004BDB7E /* Debug */ = {
			isa = XCBuildConfiguration;
			buildSettings = {
				LIBRARY_SEARCH_PATHS = (
					"$(inherited)",
					/Users/dk/Documents/repositories/research.hg/src/DerivedData/research/Build/Products/Debug,
				);
				PRODUCT_NAME = "$(TARGET_NAME)";
			};
			name = Debug;
		};
		48CA8EA51CD3D25A004BDB7E /* Release */ = {
			isa = XCBuildConfiguration;
			buildSettings = {
				LIBRARY_SEARCH_PATHS = (
					"$(inherited)",
					/Users/dk/Documents/repositories/research.hg/src/DerivedData/research/Build/Products/Debug,
				);
				PRODUCT_NAME = "$(TARGET_NAME)";
			};
			name = Release;
		};
		48FF4C9019379E17001F0183 /* Debug */ = {
			isa = XCBuildConfiguration;
			buildSettings = {
				LIBRARY_SEARCH_PATHS = (
					"$(inherited)",
					/Users/dk/Documents/repositories/research.hg/src/DerivedData/research/Build/Products/Debug,
				);
				PRODUCT_NAME = stripes_multi;
			};
			name = Debug;
		};
		48FF4C9119379E17001F0183 /* Release */ = {
			isa = XCBuildConfiguration;
			buildSettings = {
				LIBRARY_SEARCH_PATHS = (
					"$(inherited)",
					/Users/dk/Documents/repositories/research.hg/src/DerivedData/research/Build/Products/Debug,
				);
				PRODUCT_NAME = stripes_multi;
			};
			name = Release;
		};
/* End XCBuildConfiguration section */

/* Begin XCConfigurationList section */
		424419ED15861127009863BE /* Build configuration list for PBXProject "ps" */ = {
			isa = XCConfigurationList;
			buildConfigurations = (
				424419FB15861127009863BE /* Debug */,
				424419FC15861127009863BE /* Release */,
			);
			defaultConfigurationIsVisible = 0;
			defaultConfigurationName = Release;
		};
		480FEBD61CE61C5500ECABDD /* Build configuration list for PBXNativeTarget "stripes_ep4_flipped" */ = {
			isa = XCConfigurationList;
			buildConfigurations = (
				480FEBD71CE61C5500ECABDD /* Debug */,
				480FEBD81CE61C5500ECABDD /* Release */,
			);
			defaultConfigurationIsVisible = 0;
			defaultConfigurationName = Release;
		};
		482085C41CCA7AA000406273 /* Build configuration list for PBXNativeTarget "stripes_multi_matrix" */ = {
			isa = XCConfigurationList;
			buildConfigurations = (
				482085C51CCA7AA000406273 /* Debug */,
				482085C61CCA7AA000406273 /* Release */,
			);
			defaultConfigurationIsVisible = 0;
			defaultConfigurationName = Release;
		};
		482F013D1CC42EF900C88BD8 /* Build configuration list for PBXNativeTarget "stripes_multi_fps" */ = {
			isa = XCConfigurationList;
			buildConfigurations = (
				482F013E1CC42EF900C88BD8 /* Debug */,
				482F013F1CC42EF900C88BD8 /* Release */,
			);
			defaultConfigurationIsVisible = 0;
			defaultConfigurationName = Release;
		};
		482F01491CC5245000C88BD8 /* Build configuration list for PBXNativeTarget "stripes_multi_fps_3" */ = {
			isa = XCConfigurationList;
			buildConfigurations = (
				482F014A1CC5245000C88BD8 /* Debug */,
				482F014B1CC5245000C88BD8 /* Release */,
			);
			defaultConfigurationIsVisible = 0;
			defaultConfigurationName = Release;
		};
		486CA9AA1CD923ED003A113C /* Build configuration list for PBXNativeTarget "stripes_ep4_fixed" */ = {
			isa = XCConfigurationList;
			buildConfigurations = (
				486CA9AB1CD923ED003A113C /* Debug */,
				486CA9AC1CD923ED003A113C /* Release */,
			);
			defaultConfigurationIsVisible = 0;
			defaultConfigurationName = Release;
		};
		486CA9B71CDCE53E003A113C /* Build configuration list for PBXNativeTarget "stripes_ep4_copy" */ = {
			isa = XCConfigurationList;
			buildConfigurations = (
				486CA9B81CDCE53E003A113C /* Debug */,
				486CA9B91CDCE53E003A113C /* Release */,
			);
			defaultConfigurationIsVisible = 0;
			defaultConfigurationName = Release;
		};
		48CA8EA31CD3D25A004BDB7E /* Build configuration list for PBXNativeTarget "stripes_ep4" */ = {
			isa = XCConfigurationList;
			buildConfigurations = (
				48CA8EA41CD3D25A004BDB7E /* Debug */,
				48CA8EA51CD3D25A004BDB7E /* Release */,
			);
			defaultConfigurationIsVisible = 0;
			defaultConfigurationName = Release;
		};
		48FF4C8F19379E17001F0183 /* Build configuration list for PBXNativeTarget "stripes_multi" */ = {
			isa = XCConfigurationList;
			buildConfigurations = (
				48FF4C9019379E17001F0183 /* Debug */,
				48FF4C9119379E17001F0183 /* Release */,
			);
			defaultConfigurationIsVisible = 0;
			defaultConfigurationName = Release;
		};
/* End XCConfigurationList section */
	};
	rootObject = 424419EA15861127009863BE /* Project object */;
}
