// !$*UTF8*$!
{
	archiveVersion = 1;
	classes = {
	};
	objectVersion = 46;
	objects = {

/* Begin PBXBuildFile section */
		42DC570C1940DCEB005044F1 /* libea.a in Frameworks */ = {isa = PBXBuildFile; fileRef = 42DC570A1940C99D005044F1 /* libea.a */; };
		480052BA19EA18460063B13B /* libea.a in Frameworks */ = {isa = PBXBuildFile; fileRef = 42DC570A1940C99D005044F1 /* libea.a */; };
		480052C019EA18750063B13B /* stripes_evo_plane.cpp in Sources */ = {isa = PBXBuildFile; fileRef = 48542FBA19E0E1880030F097 /* stripes_evo_plane.cpp */; };
		48460687192D1E2E005579F9 /* stripes_control.cpp in Sources */ = {isa = PBXBuildFile; fileRef = 48460676192D1D9D005579F9 /* stripes_control.cpp */; };
		48460698192D2015005579F9 /* stripes_location.cpp in Sources */ = {isa = PBXBuildFile; fileRef = 48460688192D1F22005579F9 /* stripes_location.cpp */; };
		48542FB319E0DE900030F097 /* libea.a in Frameworks */ = {isa = PBXBuildFile; fileRef = 42DC570A1940C99D005044F1 /* libea.a */; };
		48542FB919E0DEAE0030F097 /* stripes_evo_ps.cpp in Sources */ = {isa = PBXBuildFile; fileRef = 48542FAE19E0DD210030F097 /* stripes_evo_ps.cpp */; };
		48FF4C9319379E49001F0183 /* stripes_multi.cpp in Sources */ = {isa = PBXBuildFile; fileRef = 48AC8AB11937639900DA6945 /* stripes_multi.cpp */; };
/* End PBXBuildFile section */

/* Begin PBXCopyFilesBuildPhase section */
		480052BB19EA18460063B13B /* CopyFiles */ = {
			isa = PBXCopyFilesBuildPhase;
			buildActionMask = 2147483647;
			dstPath = /usr/share/man/man1/;
			dstSubfolderSpec = 0;
			files = (
			);
			runOnlyForDeploymentPostprocessing = 1;
		};
		48460682192D1DFC005579F9 /* CopyFiles */ = {
			isa = PBXCopyFilesBuildPhase;
			buildActionMask = 2147483647;
			dstPath = /usr/share/man/man1/;
			dstSubfolderSpec = 0;
			files = (
			);
			runOnlyForDeploymentPostprocessing = 1;
		};
		48460693192D1FFE005579F9 /* CopyFiles */ = {
			isa = PBXCopyFilesBuildPhase;
			buildActionMask = 2147483647;
			dstPath = /usr/share/man/man1/;
			dstSubfolderSpec = 0;
			files = (
			);
			runOnlyForDeploymentPostprocessing = 1;
		};
		48542FB419E0DE900030F097 /* CopyFiles */ = {
			isa = PBXCopyFilesBuildPhase;
			buildActionMask = 2147483647;
			dstPath = /usr/share/man/man1/;
			dstSubfolderSpec = 0;
			files = (
			);
			runOnlyForDeploymentPostprocessing = 1;
		};
		48FF4C8E19379E17001F0183 /* CopyFiles */ = {
			isa = PBXCopyFilesBuildPhase;
			buildActionMask = 2147483647;
			dstPath = /usr/share/man/man1/;
			dstSubfolderSpec = 0;
			files = (
			);
			runOnlyForDeploymentPostprocessing = 1;
		};
/* End PBXCopyFilesBuildPhase section */

/* Begin PBXFileReference section */
		3E667D7817ABDFE400A42924 /* stripes.cpp */ = {isa = PBXFileReference; lastKnownFileType = sourcecode.cpp.cpp; path = stripes.cpp; sourceTree = "<group>"; };
		42441A7E158616AF009863BE /* ps.xcconfig */ = {isa = PBXFileReference; lastKnownFileType = text.xcconfig; path = ps.xcconfig; sourceTree = "<group>"; };
		42441A7F158616AF009863BE /* libea_defaults.cfg */ = {isa = PBXFileReference; lastKnownFileType = text; path = libea_defaults.cfg; sourceTree = "<group>"; };
		42441A80158616AF009863BE /* Jamroot */ = {isa = PBXFileReference; lastKnownFileType = text; path = Jamroot; sourceTree = "<group>"; };
		42C26B3D19454D6D00F0E6B9 /* stripes.cfg */ = {isa = PBXFileReference; lastKnownFileType = text; path = stripes.cfg; sourceTree = "<group>"; };
		42DC570A1940C99D005044F1 /* libea.a */ = {isa = PBXFileReference; lastKnownFileType = archive.ar; name = libea.a; path = ../DerivedData/research/Build/Products/Debug/libea.a; sourceTree = "<group>"; };
		42DF06891945418600C9A364 /* subpopulation_propagule.h */ = {isa = PBXFileReference; lastKnownFileType = sourcecode.c.h; path = subpopulation_propagule.h; sourceTree = "<group>"; };
		480052BF19EA18460063B13B /* stripes_evo_ps_plane */ = {isa = PBXFileReference; explicitFileType = "compiled.mach-o.executable"; includeInIndex = 0; path = stripes_evo_ps_plane; sourceTree = BUILT_PRODUCTS_DIR; };
		481F84C019DD8E46000EDBE8 /* subpopulation_propagule_plane.h */ = {isa = PBXFileReference; lastKnownFileType = sourcecode.c.h; path = subpopulation_propagule_plane.h; sourceTree = "<group>"; };
		481F84C119DD91AC000EDBE8 /* multibirth_not_nand_prop_ancestor.h */ = {isa = PBXFileReference; lastKnownFileType = sourcecode.c.h; path = multibirth_not_nand_prop_ancestor.h; sourceTree = "<group>"; };
		48460676192D1D9D005579F9 /* stripes_control.cpp */ = {isa = PBXFileReference; lastKnownFileType = sourcecode.cpp.cpp; path = stripes_control.cpp; sourceTree = "<group>"; };
		48460686192D1DFC005579F9 /* stripes_control */ = {isa = PBXFileReference; explicitFileType = "compiled.mach-o.executable"; includeInIndex = 0; path = stripes_control; sourceTree = BUILT_PRODUCTS_DIR; };
		48460688192D1F22005579F9 /* stripes_location.cpp */ = {isa = PBXFileReference; lastKnownFileType = sourcecode.cpp.cpp; path = stripes_location.cpp; sourceTree = "<group>"; };
		48460697192D1FFE005579F9 /* stripes_location */ = {isa = PBXFileReference; explicitFileType = "compiled.mach-o.executable"; includeInIndex = 0; path = stripes_location; sourceTree = BUILT_PRODUCTS_DIR; };
		48542FAE19E0DD210030F097 /* stripes_evo_ps.cpp */ = {isa = PBXFileReference; lastKnownFileType = sourcecode.cpp.cpp; path = stripes_evo_ps.cpp; sourceTree = "<group>"; };
		48542FB819E0DE900030F097 /* stripes_evo_ps */ = {isa = PBXFileReference; explicitFileType = "compiled.mach-o.executable"; includeInIndex = 0; path = stripes_evo_ps; sourceTree = BUILT_PRODUCTS_DIR; };
		48542FBA19E0E1880030F097 /* stripes_evo_plane.cpp */ = {isa = PBXFileReference; lastKnownFileType = sourcecode.cpp.cpp; path = stripes_evo_plane.cpp; sourceTree = "<group>"; };
		487ACE221934BC8E0016340B /* lod_knockouts.h */ = {isa = PBXFileReference; lastKnownFileType = sourcecode.c.h; path = lod_knockouts.h; sourceTree = "<group>"; };
		487ACE231934F7C60016340B /* movie.h */ = {isa = PBXFileReference; lastKnownFileType = sourcecode.c.h; path = movie.h; sourceTree = "<group>"; };
		48A1E129183F8ED70023C478 /* stripes.h */ = {isa = PBXFileReference; lastKnownFileType = sourcecode.c.h; path = stripes.h; sourceTree = "<group>"; };
		48AC8AB0193762F600DA6945 /* movie_multi.h */ = {isa = PBXFileReference; lastKnownFileType = sourcecode.c.h; path = movie_multi.h; sourceTree = "<group>"; };
		48AC8AB11937639900DA6945 /* stripes_multi.cpp */ = {isa = PBXFileReference; fileEncoding = 4; lastKnownFileType = sourcecode.cpp.cpp; path = stripes_multi.cpp; sourceTree = "<group>"; };
		48C5840D19365A6900C02CA1 /* multi_founder.h */ = {isa = PBXFileReference; lastKnownFileType = sourcecode.c.h; path = multi_founder.h; sourceTree = "<group>"; };
		48FF4C9219379E17001F0183 /* stripes_multi */ = {isa = PBXFileReference; explicitFileType = "compiled.mach-o.executable"; includeInIndex = 0; path = stripes_multi; sourceTree = BUILT_PRODUCTS_DIR; };
		48FF4C941938A2C9001F0183 /* location_analysis.h */ = {isa = PBXFileReference; lastKnownFileType = sourcecode.c.h; path = location_analysis.h; sourceTree = "<group>"; };
/* End PBXFileReference section */

/* Begin PBXFrameworksBuildPhase section */
		480052B919EA18460063B13B /* Frameworks */ = {
			isa = PBXFrameworksBuildPhase;
			buildActionMask = 2147483647;
			files = (
				480052BA19EA18460063B13B /* libea.a in Frameworks */,
			);
			runOnlyForDeploymentPostprocessing = 0;
		};
		4846067B192D1DFC005579F9 /* Frameworks */ = {
			isa = PBXFrameworksBuildPhase;
			buildActionMask = 2147483647;
			files = (
			);
			runOnlyForDeploymentPostprocessing = 0;
		};
		4846068C192D1FFE005579F9 /* Frameworks */ = {
			isa = PBXFrameworksBuildPhase;
			buildActionMask = 2147483647;
			files = (
			);
			runOnlyForDeploymentPostprocessing = 0;
		};
		48542FB219E0DE900030F097 /* Frameworks */ = {
			isa = PBXFrameworksBuildPhase;
			buildActionMask = 2147483647;
			files = (
				48542FB319E0DE900030F097 /* libea.a in Frameworks */,
			);
			runOnlyForDeploymentPostprocessing = 0;
		};
		48FF4C8719379E17001F0183 /* Frameworks */ = {
			isa = PBXFrameworksBuildPhase;
			buildActionMask = 2147483647;
			files = (
				42DC570C1940DCEB005044F1 /* libea.a in Frameworks */,
			);
			runOnlyForDeploymentPostprocessing = 0;
		};
/* End PBXFrameworksBuildPhase section */

/* Begin PBXGroup section */
		424419E815861127009863BE = {
			isa = PBXGroup;
			children = (
				42DC570A1940C99D005044F1 /* libea.a */,
				42441A7D158616AF009863BE /* etc */,
				42441A80158616AF009863BE /* Jamroot */,
				42441A9515861785009863BE /* lib */,
				424419F415861127009863BE /* Products */,
				42441A81158616AF009863BE /* src */,
			);
			sourceTree = "<group>";
		};
		424419F415861127009863BE /* Products */ = {
			isa = PBXGroup;
			children = (
				48460686192D1DFC005579F9 /* stripes_control */,
				48460697192D1FFE005579F9 /* stripes_location */,
				48FF4C9219379E17001F0183 /* stripes_multi */,
				48542FB819E0DE900030F097 /* stripes_evo_ps */,
				480052BF19EA18460063B13B /* stripes_evo_ps_plane */,
			);
			name = Products;
			sourceTree = "<group>";
		};
		42441A7D158616AF009863BE /* etc */ = {
			isa = PBXGroup;
			children = (
				42441A7E158616AF009863BE /* ps.xcconfig */,
				42C26B3D19454D6D00F0E6B9 /* stripes.cfg */,
				42441A7F158616AF009863BE /* libea_defaults.cfg */,
			);
			path = etc;
			sourceTree = "<group>";
		};
		42441A81158616AF009863BE /* src */ = {
			isa = PBXGroup;
			children = (
				48A1E129183F8ED70023C478 /* stripes.h */,
				3E667D7817ABDFE400A42924 /* stripes.cpp */,
				48AC8AB11937639900DA6945 /* stripes_multi.cpp */,
				48460676192D1D9D005579F9 /* stripes_control.cpp */,
				48460688192D1F22005579F9 /* stripes_location.cpp */,
				48542FAE19E0DD210030F097 /* stripes_evo_ps.cpp */,
				48542FBA19E0E1880030F097 /* stripes_evo_plane.cpp */,
				487ACE221934BC8E0016340B /* lod_knockouts.h */,
				42DF06891945418600C9A364 /* subpopulation_propagule.h */,
				487ACE231934F7C60016340B /* movie.h */,
				48C5840D19365A6900C02CA1 /* multi_founder.h */,
				48AC8AB0193762F600DA6945 /* movie_multi.h */,
				48FF4C941938A2C9001F0183 /* location_analysis.h */,
				481F84C019DD8E46000EDBE8 /* subpopulation_propagule_plane.h */,
				481F84C119DD91AC000EDBE8 /* multibirth_not_nand_prop_ancestor.h */,
			);
			path = src;
			sourceTree = "<group>";
		};
		42441A9515861785009863BE /* lib */ = {
			isa = PBXGroup;
			children = (
			);
			name = lib;
			path = /Users/dk/Documents/repositories/research.hg/src/ocr/../apps;
			sourceTree = "<absolute>";
		};
/* End PBXGroup section */

/* Begin PBXNativeTarget section */
		480052B619EA18460063B13B /* stripes_evo_ps_plane */ = {
			isa = PBXNativeTarget;
			buildConfigurationList = 480052BC19EA18460063B13B /* Build configuration list for PBXNativeTarget "stripes_evo_ps_plane" */;
			buildPhases = (
				480052B719EA18460063B13B /* Sources */,
				480052B919EA18460063B13B /* Frameworks */,
				480052BB19EA18460063B13B /* CopyFiles */,
			);
			buildRules = (
			);
			dependencies = (
			);
			name = stripes_evo_ps_plane;
			productName = ealife;
			productReference = 480052BF19EA18460063B13B /* stripes_evo_ps_plane */;
			productType = "com.apple.product-type.tool";
		};
		48460678192D1DFC005579F9 /* stripes_control */ = {
			isa = PBXNativeTarget;
			buildConfigurationList = 48460683192D1DFC005579F9 /* Build configuration list for PBXNativeTarget "stripes_control" */;
			buildPhases = (
				48460679192D1DFC005579F9 /* Sources */,
				4846067B192D1DFC005579F9 /* Frameworks */,
				48460682192D1DFC005579F9 /* CopyFiles */,
			);
			buildRules = (
			);
			dependencies = (
			);
			name = stripes_control;
			productName = ealife;
			productReference = 48460686192D1DFC005579F9 /* stripes_control */;
			productType = "com.apple.product-type.tool";
		};
		48460689192D1FFE005579F9 /* stripes_location */ = {
			isa = PBXNativeTarget;
			buildConfigurationList = 48460694192D1FFE005579F9 /* Build configuration list for PBXNativeTarget "stripes_location" */;
			buildPhases = (
				4846068A192D1FFE005579F9 /* Sources */,
				4846068C192D1FFE005579F9 /* Frameworks */,
				48460693192D1FFE005579F9 /* CopyFiles */,
			);
			buildRules = (
			);
			dependencies = (
			);
			name = stripes_location;
			productName = ealife;
			productReference = 48460697192D1FFE005579F9 /* stripes_location */;
			productType = "com.apple.product-type.tool";
		};
		48542FAF19E0DE900030F097 /* stripes_evo_ps */ = {
			isa = PBXNativeTarget;
			buildConfigurationList = 48542FB519E0DE900030F097 /* Build configuration list for PBXNativeTarget "stripes_evo_ps" */;
			buildPhases = (
				48542FB019E0DE900030F097 /* Sources */,
				48542FB219E0DE900030F097 /* Frameworks */,
				48542FB419E0DE900030F097 /* CopyFiles */,
			);
			buildRules = (
			);
			dependencies = (
			);
			name = stripes_evo_ps;
			productName = ealife;
			productReference = 48542FB819E0DE900030F097 /* stripes_evo_ps */;
			productType = "com.apple.product-type.tool";
		};
		48FF4C8419379E17001F0183 /* stripes_multi */ = {
			isa = PBXNativeTarget;
			buildConfigurationList = 48FF4C8F19379E17001F0183 /* Build configuration list for PBXNativeTarget "stripes_multi" */;
			buildPhases = (
				48FF4C8519379E17001F0183 /* Sources */,
				48FF4C8719379E17001F0183 /* Frameworks */,
				48FF4C8E19379E17001F0183 /* CopyFiles */,
			);
			buildRules = (
			);
			dependencies = (
			);
			name = stripes_multi;
			productName = ealife;
			productReference = 48FF4C9219379E17001F0183 /* stripes_multi */;
			productType = "com.apple.product-type.tool";
		};
/* End PBXNativeTarget section */

/* Begin PBXProject section */
		424419EA15861127009863BE /* Project object */ = {
			isa = PBXProject;
			attributes = {
				LastUpgradeCheck = 0610;
				ORGANIZATIONNAME = "Michigan State University";
			};
			buildConfigurationList = 424419ED15861127009863BE /* Build configuration list for PBXProject "ps" */;
			compatibilityVersion = "Xcode 3.2";
			developmentRegion = English;
			hasScannedForEncodings = 0;
			knownRegions = (
				en,
			);
			mainGroup = 424419E815861127009863BE;
			productRefGroup = 424419F415861127009863BE /* Products */;
			projectDirPath = "";
			projectRoot = "";
			targets = (
				48460678192D1DFC005579F9 /* stripes_control */,
				48460689192D1FFE005579F9 /* stripes_location */,
				48FF4C8419379E17001F0183 /* stripes_multi */,
				48542FAF19E0DE900030F097 /* stripes_evo_ps */,
				480052B619EA18460063B13B /* stripes_evo_ps_plane */,
			);
		};
/* End PBXProject section */

/* Begin PBXSourcesBuildPhase section */
		480052B719EA18460063B13B /* Sources */ = {
			isa = PBXSourcesBuildPhase;
			buildActionMask = 2147483647;
			files = (
				480052C019EA18750063B13B /* stripes_evo_plane.cpp in Sources */,
			);
			runOnlyForDeploymentPostprocessing = 0;
		};
		48460679192D1DFC005579F9 /* Sources */ = {
			isa = PBXSourcesBuildPhase;
			buildActionMask = 2147483647;
			files = (
				48460687192D1E2E005579F9 /* stripes_control.cpp in Sources */,
			);
			runOnlyForDeploymentPostprocessing = 0;
		};
		4846068A192D1FFE005579F9 /* Sources */ = {
			isa = PBXSourcesBuildPhase;
			buildActionMask = 2147483647;
			files = (
				48460698192D2015005579F9 /* stripes_location.cpp in Sources */,
			);
			runOnlyForDeploymentPostprocessing = 0;
		};
		48542FB019E0DE900030F097 /* Sources */ = {
			isa = PBXSourcesBuildPhase;
			buildActionMask = 2147483647;
			files = (
				48542FB919E0DEAE0030F097 /* stripes_evo_ps.cpp in Sources */,
			);
			runOnlyForDeploymentPostprocessing = 0;
		};
		48FF4C8519379E17001F0183 /* Sources */ = {
			isa = PBXSourcesBuildPhase;
			buildActionMask = 2147483647;
			files = (
				48FF4C9319379E49001F0183 /* stripes_multi.cpp in Sources */,
			);
			runOnlyForDeploymentPostprocessing = 0;
		};
/* End PBXSourcesBuildPhase section */

/* Begin XCBuildConfiguration section */
		424419FB15861127009863BE /* Debug */ = {
			isa = XCBuildConfiguration;
			baseConfigurationReference = 42441A7E158616AF009863BE /* ps.xcconfig */;
			buildSettings = {
				MACOSX_DEPLOYMENT_TARGET = 10.9;
				ONLY_ACTIVE_ARCH = YES;
				SDKROOT = macosx10.9;
			};
			name = Debug;
		};
		424419FC15861127009863BE /* Release */ = {
			isa = XCBuildConfiguration;
			baseConfigurationReference = 42441A7E158616AF009863BE /* ps.xcconfig */;
			buildSettings = {
				MACOSX_DEPLOYMENT_TARGET = 10.9;
				SDKROOT = macosx10.9;
			};
			name = Release;
		};
		480052BD19EA18460063B13B /* Debug */ = {
			isa = XCBuildConfiguration;
			buildSettings = {
				LIBRARY_SEARCH_PATHS = (
					"$(inherited)",
					/Users/dk/Documents/repositories/research.hg/src/DerivedData/research/Build/Products/Debug,
				);
				PRODUCT_NAME = stripes_evo_ps_plane;
			};
			name = Debug;
		};
		480052BE19EA18460063B13B /* Release */ = {
			isa = XCBuildConfiguration;
			buildSettings = {
				LIBRARY_SEARCH_PATHS = (
					"$(inherited)",
					/Users/dk/Documents/repositories/research.hg/src/DerivedData/research/Build/Products/Debug,
				);
				PRODUCT_NAME = stripes_evo_ps_plane;
			};
			name = Release;
		};
		48460684192D1DFC005579F9 /* Debug */ = {
			isa = XCBuildConfiguration;
			buildSettings = {
				PRODUCT_NAME = stripes_control;
			};
			name = Debug;
		};
		48460685192D1DFC005579F9 /* Release */ = {
			isa = XCBuildConfiguration;
			buildSettings = {
				PRODUCT_NAME = stripes_control;
			};
			name = Release;
		};
		48460695192D1FFE005579F9 /* Debug */ = {
			isa = XCBuildConfiguration;
			buildSettings = {
				PRODUCT_NAME = stripes_location;
			};
			name = Debug;
		};
		48460696192D1FFE005579F9 /* Release */ = {
			isa = XCBuildConfiguration;
			buildSettings = {
				PRODUCT_NAME = stripes_location;
			};
			name = Release;
		};
		48542FB619E0DE900030F097 /* Debug */ = {
			isa = XCBuildConfiguration;
			buildSettings = {
				LIBRARY_SEARCH_PATHS = (
					"$(inherited)",
					/Users/dk/Documents/repositories/research.hg/src/DerivedData/research/Build/Products/Debug,
				);
				PRODUCT_NAME = stripes_evo_ps;
			};
			name = Debug;
		};
		48542FB719E0DE900030F097 /* Release */ = {
			isa = XCBuildConfiguration;
			buildSettings = {
				LIBRARY_SEARCH_PATHS = (
					"$(inherited)",
					/Users/dk/Documents/repositories/research.hg/src/DerivedData/research/Build/Products/Debug,
				);
				PRODUCT_NAME = stripes_evo_ps;
			};
			name = Release;
		};
		48FF4C9019379E17001F0183 /* Debug */ = {
			isa = XCBuildConfiguration;
			buildSettings = {
				LIBRARY_SEARCH_PATHS = (
					"$(inherited)",
					/Users/dk/Documents/repositories/research.hg/src/DerivedData/research/Build/Products/Debug,
				);
				PRODUCT_NAME = stripes_multi;
			};
			name = Debug;
		};
		48FF4C9119379E17001F0183 /* Release */ = {
			isa = XCBuildConfiguration;
			buildSettings = {
				LIBRARY_SEARCH_PATHS = (
					"$(inherited)",
					/Users/dk/Documents/repositories/research.hg/src/DerivedData/research/Build/Products/Debug,
				);
				PRODUCT_NAME = stripes_multi;
			};
			name = Release;
		};
/* End XCBuildConfiguration section */

/* Begin XCConfigurationList section */
		424419ED15861127009863BE /* Build configuration list for PBXProject "ps" */ = {
			isa = XCConfigurationList;
			buildConfigurations = (
				424419FB15861127009863BE /* Debug */,
				424419FC15861127009863BE /* Release */,
			);
			defaultConfigurationIsVisible = 0;
			defaultConfigurationName = Release;
		};
		480052BC19EA18460063B13B /* Build configuration list for PBXNativeTarget "stripes_evo_ps_plane" */ = {
			isa = XCConfigurationList;
			buildConfigurations = (
				480052BD19EA18460063B13B /* Debug */,
				480052BE19EA18460063B13B /* Release */,
			);
			defaultConfigurationIsVisible = 0;
			defaultConfigurationName = Release;
		};
		48460683192D1DFC005579F9 /* Build configuration list for PBXNativeTarget "stripes_control" */ = {
			isa = XCConfigurationList;
			buildConfigurations = (
				48460684192D1DFC005579F9 /* Debug */,
				48460685192D1DFC005579F9 /* Release */,
			);
			defaultConfigurationIsVisible = 0;
			defaultConfigurationName = Release;
		};
		48460694192D1FFE005579F9 /* Build configuration list for PBXNativeTarget "stripes_location" */ = {
			isa = XCConfigurationList;
			buildConfigurations = (
				48460695192D1FFE005579F9 /* Debug */,
				48460696192D1FFE005579F9 /* Release */,
			);
			defaultConfigurationIsVisible = 0;
			defaultConfigurationName = Release;
		};
		48542FB519E0DE900030F097 /* Build configuration list for PBXNativeTarget "stripes_evo_ps" */ = {
			isa = XCConfigurationList;
			buildConfigurations = (
				48542FB619E0DE900030F097 /* Debug */,
				48542FB719E0DE900030F097 /* Release */,
			);
			defaultConfigurationIsVisible = 0;
			defaultConfigurationName = Release;
		};
		48FF4C8F19379E17001F0183 /* Build configuration list for PBXNativeTarget "stripes_multi" */ = {
			isa = XCConfigurationList;
			buildConfigurations = (
				48FF4C9019379E17001F0183 /* Debug */,
				48FF4C9119379E17001F0183 /* Release */,
			);
			defaultConfigurationIsVisible = 0;
			defaultConfigurationName = Release;
		};
/* End XCConfigurationList section */
	};
	rootObject = 424419EA15861127009863BE /* Project object */;
}
